// !$*UTF8*$!
{
	archiveVersion = 1;
	classes = {
	};
	objectVersion = 55;
	objects = {

/* Begin PBXBuildFile section */
		8A0A336B2715F6EA0058C8A3 /* ipsw_fetcherApp.swift in Sources */ = {isa = PBXBuildFile; fileRef = 8A0A336A2715F6EA0058C8A3 /* ipsw_fetcherApp.swift */; };
		8A0A336F2715F6EE0058C8A3 /* Assets.xcassets in Resources */ = {isa = PBXBuildFile; fileRef = 8A0A336E2715F6EE0058C8A3 /* Assets.xcassets */; };
		8A0A33722715F6EE0058C8A3 /* Preview Assets.xcassets in Resources */ = {isa = PBXBuildFile; fileRef = 8A0A33712715F6EE0058C8A3 /* Preview Assets.xcassets */; };
		8A0A337C2715F9600058C8A3 /* DeviceRow.swift in Sources */ = {isa = PBXBuildFile; fileRef = 8A0A337B2715F9600058C8A3 /* DeviceRow.swift */; };
		8A0A337E271600340058C8A3 /* devices.json in Resources */ = {isa = PBXBuildFile; fileRef = 8A0A337D271600340058C8A3 /* devices.json */; };
		8A0A3380271600690058C8A3 /* Device.swift in Sources */ = {isa = PBXBuildFile; fileRef = 8A0A337F271600690058C8A3 /* Device.swift */; };
		8A0A3382271601050058C8A3 /* SharedData.swift in Sources */ = {isa = PBXBuildFile; fileRef = 8A0A3381271601050058C8A3 /* SharedData.swift */; };
		8A0A33892716038C0058C8A3 /* DeviceList.swift in Sources */ = {isa = PBXBuildFile; fileRef = 8A0A33882716038C0058C8A3 /* DeviceList.swift */; };
		8A0A338B27160DF40058C8A3 /* Sidebar.swift in Sources */ = {isa = PBXBuildFile; fileRef = 8A0A338A27160DF40058C8A3 /* Sidebar.swift */; };
		8A0A338D271610EA0058C8A3 /* firmwares.json in Resources */ = {isa = PBXBuildFile; fileRef = 8A0A338C271610EA0058C8A3 /* firmwares.json */; };
		8A0A338F271611030058C8A3 /* Firmware.swift in Sources */ = {isa = PBXBuildFile; fileRef = 8A0A338E271611030058C8A3 /* Firmware.swift */; };
		8A0A3393271611D20058C8A3 /* FirmwaresList.swift in Sources */ = {isa = PBXBuildFile; fileRef = 8A0A3392271611D20058C8A3 /* FirmwaresList.swift */; };
		8A0A3395271612040058C8A3 /* FirmwareRow.swift in Sources */ = {isa = PBXBuildFile; fileRef = 8A0A3394271612040058C8A3 /* FirmwareRow.swift */; };
		8A289926271F042200BA40AF /* FirmwaresForDeviceJSON.swift in Sources */ = {isa = PBXBuildFile; fileRef = 8A289925271F042200BA40AF /* FirmwaresForDeviceJSON.swift */; };
		8A28992B2720159E00BA40AF /* DownloadTask.swift in Sources */ = {isa = PBXBuildFile; fileRef = 8A28992A2720159E00BA40AF /* DownloadTask.swift */; };
		8A28992D272017DC00BA40AF /* DownloadList.swift in Sources */ = {isa = PBXBuildFile; fileRef = 8A28992C272017DC00BA40AF /* DownloadList.swift */; };
		8A28992F2720347F00BA40AF /* DownloadRow.swift in Sources */ = {isa = PBXBuildFile; fileRef = 8A28992E2720347F00BA40AF /* DownloadRow.swift */; };
		8A4A9ACB2719BD0700B2EF3C /* DeviceData.swift in Sources */ = {isa = PBXBuildFile; fileRef = 8A4A9ACA2719BD0700B2EF3C /* DeviceData.swift */; };
		8A4A9AD12719E59F00B2EF3C /* DeviceJSON.swift in Sources */ = {isa = PBXBuildFile; fileRef = 8A4A9AD02719E59F00B2EF3C /* DeviceJSON.swift */; };
		8A4A9AD3271AA9A100B2EF3C /* FirmwareJSON.swift in Sources */ = {isa = PBXBuildFile; fileRef = 8A4A9AD2271AA9A100B2EF3C /* FirmwareJSON.swift */; };
		8A7CFD23271889C70065CB12 /* File.swift in Sources */ = {isa = PBXBuildFile; fileRef = 8A7CFD22271889C70065CB12 /* File.swift */; };
		8AA72E27271C1FE700350F6A /* FirmwareDetail.swift in Sources */ = {isa = PBXBuildFile; fileRef = 8AA72E26271C1FE700350F6A /* FirmwareDetail.swift */; };
		8AA72E2B271C26EE00350F6A /* FirmwareVersion.swift in Sources */ = {isa = PBXBuildFile; fileRef = 8AA72E2A271C26EE00350F6A /* FirmwareVersion.swift */; };
		8AA72E2D271C414200350F6A /* FirmwareDeviceJSON.swift in Sources */ = {isa = PBXBuildFile; fileRef = 8AA72E2C271C414200350F6A /* FirmwareDeviceJSON.swift */; };
		8AB6AF88271B58B30081020E /* DeviceDetail.swift in Sources */ = {isa = PBXBuildFile; fileRef = 8AB6AF87271B58B30081020E /* DeviceDetail.swift */; };
		8ABDF2E727175ABE00142C32 /* SidebarRow.swift in Sources */ = {isa = PBXBuildFile; fileRef = 8ABDF2E627175ABE00142C32 /* SidebarRow.swift */; };
		8ABDF2E927175CB600142C32 /* SidebarOption.swift in Sources */ = {isa = PBXBuildFile; fileRef = 8ABDF2E827175CB600142C32 /* SidebarOption.swift */; };
		8ABDF2EB271762C300142C32 /* ListView.swift in Sources */ = {isa = PBXBuildFile; fileRef = 8ABDF2EA271762C300142C32 /* ListView.swift */; };
		8ABDF2ED271763BC00142C32 /* sidebar.json in Resources */ = {isa = PBXBuildFile; fileRef = 8ABDF2EC271763BC00142C32 /* sidebar.json */; };
		8ABDF2EF271771F600142C32 /* LocalFilesRow.swift in Sources */ = {isa = PBXBuildFile; fileRef = 8ABDF2EE271771F600142C32 /* LocalFilesRow.swift */; };
		8ABDF2F1271772AB00142C32 /* LocalFilesList.swift in Sources */ = {isa = PBXBuildFile; fileRef = 8ABDF2F0271772AB00142C32 /* LocalFilesList.swift */; };
/* End PBXBuildFile section */

/* Begin PBXFileReference section */
		8A0A33672715F6EA0058C8A3 /* ipsw-fetcher.app */ = {isa = PBXFileReference; explicitFileType = wrapper.application; includeInIndex = 0; path = "ipsw-fetcher.app"; sourceTree = BUILT_PRODUCTS_DIR; };
		8A0A336A2715F6EA0058C8A3 /* ipsw_fetcherApp.swift */ = {isa = PBXFileReference; lastKnownFileType = sourcecode.swift; path = ipsw_fetcherApp.swift; sourceTree = "<group>"; };
		8A0A336E2715F6EE0058C8A3 /* Assets.xcassets */ = {isa = PBXFileReference; lastKnownFileType = folder.assetcatalog; path = Assets.xcassets; sourceTree = "<group>"; };
		8A0A33712715F6EE0058C8A3 /* Preview Assets.xcassets */ = {isa = PBXFileReference; lastKnownFileType = folder.assetcatalog; path = "Preview Assets.xcassets"; sourceTree = "<group>"; };
		8A0A33732715F6EE0058C8A3 /* ipsw_fetcher.entitlements */ = {isa = PBXFileReference; lastKnownFileType = text.plist.entitlements; path = ipsw_fetcher.entitlements; sourceTree = "<group>"; };
		8A0A337B2715F9600058C8A3 /* DeviceRow.swift */ = {isa = PBXFileReference; lastKnownFileType = sourcecode.swift; path = DeviceRow.swift; sourceTree = "<group>"; };
		8A0A337D271600340058C8A3 /* devices.json */ = {isa = PBXFileReference; fileEncoding = 4; lastKnownFileType = text.json; path = devices.json; sourceTree = "<group>"; };
		8A0A337F271600690058C8A3 /* Device.swift */ = {isa = PBXFileReference; lastKnownFileType = sourcecode.swift; path = Device.swift; sourceTree = "<group>"; };
		8A0A3381271601050058C8A3 /* SharedData.swift */ = {isa = PBXFileReference; lastKnownFileType = sourcecode.swift; path = SharedData.swift; sourceTree = "<group>"; };
		8A0A33882716038C0058C8A3 /* DeviceList.swift */ = {isa = PBXFileReference; lastKnownFileType = sourcecode.swift; path = DeviceList.swift; sourceTree = "<group>"; };
		8A0A338A27160DF40058C8A3 /* Sidebar.swift */ = {isa = PBXFileReference; lastKnownFileType = sourcecode.swift; path = Sidebar.swift; sourceTree = "<group>"; };
		8A0A338C271610EA0058C8A3 /* firmwares.json */ = {isa = PBXFileReference; fileEncoding = 4; lastKnownFileType = text.json; path = firmwares.json; sourceTree = "<group>"; };
		8A0A338E271611030058C8A3 /* Firmware.swift */ = {isa = PBXFileReference; lastKnownFileType = sourcecode.swift; path = Firmware.swift; sourceTree = "<group>"; };
		8A0A3392271611D20058C8A3 /* FirmwaresList.swift */ = {isa = PBXFileReference; lastKnownFileType = sourcecode.swift; path = FirmwaresList.swift; sourceTree = "<group>"; };
		8A0A3394271612040058C8A3 /* FirmwareRow.swift */ = {isa = PBXFileReference; lastKnownFileType = sourcecode.swift; path = FirmwareRow.swift; sourceTree = "<group>"; };
		8A289925271F042200BA40AF /* FirmwaresForDeviceJSON.swift */ = {isa = PBXFileReference; lastKnownFileType = sourcecode.swift; path = FirmwaresForDeviceJSON.swift; sourceTree = "<group>"; };
		8A2899292720120600BA40AF /* Info.plist */ = {isa = PBXFileReference; lastKnownFileType = text.plist; path = Info.plist; sourceTree = "<group>"; };
		8A28992A2720159E00BA40AF /* DownloadTask.swift */ = {isa = PBXFileReference; lastKnownFileType = sourcecode.swift; path = DownloadTask.swift; sourceTree = "<group>"; };
		8A28992C272017DC00BA40AF /* DownloadList.swift */ = {isa = PBXFileReference; lastKnownFileType = sourcecode.swift; path = DownloadList.swift; sourceTree = "<group>"; };
		8A28992E2720347F00BA40AF /* DownloadRow.swift */ = {isa = PBXFileReference; lastKnownFileType = sourcecode.swift; path = DownloadRow.swift; sourceTree = "<group>"; };
		8A4A9ACA2719BD0700B2EF3C /* DeviceData.swift */ = {isa = PBXFileReference; lastKnownFileType = sourcecode.swift; path = DeviceData.swift; sourceTree = "<group>"; };
		8A4A9AD02719E59F00B2EF3C /* DeviceJSON.swift */ = {isa = PBXFileReference; lastKnownFileType = sourcecode.swift; path = DeviceJSON.swift; sourceTree = "<group>"; };
		8A4A9AD2271AA9A100B2EF3C /* FirmwareJSON.swift */ = {isa = PBXFileReference; lastKnownFileType = sourcecode.swift; path = FirmwareJSON.swift; sourceTree = "<group>"; };
		8A7CFD22271889C70065CB12 /* File.swift */ = {isa = PBXFileReference; lastKnownFileType = sourcecode.swift; path = File.swift; sourceTree = "<group>"; };
		8AA72E26271C1FE700350F6A /* FirmwareDetail.swift */ = {isa = PBXFileReference; lastKnownFileType = sourcecode.swift; path = FirmwareDetail.swift; sourceTree = "<group>"; };
		8AA72E2A271C26EE00350F6A /* FirmwareVersion.swift */ = {isa = PBXFileReference; lastKnownFileType = sourcecode.swift; path = FirmwareVersion.swift; sourceTree = "<group>"; };
		8AA72E2C271C414200350F6A /* FirmwareDeviceJSON.swift */ = {isa = PBXFileReference; lastKnownFileType = sourcecode.swift; path = FirmwareDeviceJSON.swift; sourceTree = "<group>"; };
		8AB6AF87271B58B30081020E /* DeviceDetail.swift */ = {isa = PBXFileReference; lastKnownFileType = sourcecode.swift; path = DeviceDetail.swift; sourceTree = "<group>"; };
		8ABDF2E627175ABE00142C32 /* SidebarRow.swift */ = {isa = PBXFileReference; lastKnownFileType = sourcecode.swift; path = SidebarRow.swift; sourceTree = "<group>"; };
		8ABDF2E827175CB600142C32 /* SidebarOption.swift */ = {isa = PBXFileReference; lastKnownFileType = sourcecode.swift; path = SidebarOption.swift; sourceTree = "<group>"; };
		8ABDF2EA271762C300142C32 /* ListView.swift */ = {isa = PBXFileReference; lastKnownFileType = sourcecode.swift; path = ListView.swift; sourceTree = "<group>"; };
		8ABDF2EC271763BC00142C32 /* sidebar.json */ = {isa = PBXFileReference; lastKnownFileType = text.json; path = sidebar.json; sourceTree = "<group>"; };
		8ABDF2EE271771F600142C32 /* LocalFilesRow.swift */ = {isa = PBXFileReference; lastKnownFileType = sourcecode.swift; path = LocalFilesRow.swift; sourceTree = "<group>"; };
		8ABDF2F0271772AB00142C32 /* LocalFilesList.swift */ = {isa = PBXFileReference; lastKnownFileType = sourcecode.swift; path = LocalFilesList.swift; sourceTree = "<group>"; };
/* End PBXFileReference section */

/* Begin PBXFrameworksBuildPhase section */
		8A0A33642715F6EA0058C8A3 /* Frameworks */ = {
			isa = PBXFrameworksBuildPhase;
			buildActionMask = 2147483647;
			files = (
			);
			runOnlyForDeploymentPostprocessing = 0;
		};
/* End PBXFrameworksBuildPhase section */

/* Begin PBXGroup section */
		8A0A335E2715F6E90058C8A3 = {
			isa = PBXGroup;
			children = (
				8A0A33692715F6EA0058C8A3 /* ipsw-fetcher */,
				8A0A33682715F6EA0058C8A3 /* Products */,
			);
			sourceTree = "<group>";
		};
		8A0A33682715F6EA0058C8A3 /* Products */ = {
			isa = PBXGroup;
			children = (
				8A0A33672715F6EA0058C8A3 /* ipsw-fetcher.app */,
			);
			name = Products;
			sourceTree = "<group>";
		};
		8A0A33692715F6EA0058C8A3 /* ipsw-fetcher */ = {
			isa = PBXGroup;
			children = (
				8A2899292720120600BA40AF /* Info.plist */,
				8A0A336A2715F6EA0058C8A3 /* ipsw_fetcherApp.swift */,
				8A0A33732715F6EE0058C8A3 /* ipsw_fetcher.entitlements */,
				8A0A33702715F6EE0058C8A3 /* Preview Content */,
				8A0A3384271601900058C8A3 /* Models */,
				8A0A3383271601710058C8A3 /* Views */,
				8A4A9AC92719BB6400B2EF3C /* Data */,
				8A0A3385271601A60058C8A3 /* Resources */,
			);
			path = "ipsw-fetcher";
			sourceTree = "<group>";
		};
		8A0A33702715F6EE0058C8A3 /* Preview Content */ = {
			isa = PBXGroup;
			children = (
				8A0A33712715F6EE0058C8A3 /* Preview Assets.xcassets */,
			);
			path = "Preview Content";
			sourceTree = "<group>";
		};
		8A0A3383271601710058C8A3 /* Views */ = {
			isa = PBXGroup;
			children = (
				8AA72E31271D7F9900350F6A /* Sidebar */,
				8AA72E32271D7FA400350F6A /* Device */,
				8AA72E33271D7FAD00350F6A /* Firmware */,
				8AA72E34271D7FB500350F6A /* Local File */,
				8A2899302720365200BA40AF /* Download */,
			);
			path = Views;
			sourceTree = "<group>";
		};
		8A0A3384271601900058C8A3 /* Models */ = {
			isa = PBXGroup;
			children = (
				8A0A337F271600690058C8A3 /* Device.swift */,
				8A0A338E271611030058C8A3 /* Firmware.swift */,
				8AA72E2A271C26EE00350F6A /* FirmwareVersion.swift */,
				8ABDF2E827175CB600142C32 /* SidebarOption.swift */,
				8A7CFD22271889C70065CB12 /* File.swift */,
				8A28992A2720159E00BA40AF /* DownloadTask.swift */,
				8AA72E30271D7F8500350F6A /* JSONModels */,
			);
			path = Models;
			sourceTree = "<group>";
		};
		8A0A3385271601A60058C8A3 /* Resources */ = {
			isa = PBXGroup;
			children = (
				8A0A336E2715F6EE0058C8A3 /* Assets.xcassets */,
				8A0A337D271600340058C8A3 /* devices.json */,
				8A0A338C271610EA0058C8A3 /* firmwares.json */,
				8ABDF2EC271763BC00142C32 /* sidebar.json */,
			);
			path = Resources;
			sourceTree = "<group>";
		};
		8A2899302720365200BA40AF /* Download */ = {
			isa = PBXGroup;
			children = (
				8A28992C272017DC00BA40AF /* DownloadList.swift */,
				8A28992E2720347F00BA40AF /* DownloadRow.swift */,
			);
			path = Download;
			sourceTree = "<group>";
		};
		8A4A9AC92719BB6400B2EF3C /* Data */ = {
			isa = PBXGroup;
			children = (
				8A0A3381271601050058C8A3 /* SharedData.swift */,
				8A4A9ACA2719BD0700B2EF3C /* DeviceData.swift */,
			);
			path = Data;
			sourceTree = "<group>";
		};
		8AA72E30271D7F8500350F6A /* JSONModels */ = {
			isa = PBXGroup;
			children = (
				8A4A9AD02719E59F00B2EF3C /* DeviceJSON.swift */,
				8A4A9AD2271AA9A100B2EF3C /* FirmwareJSON.swift */,
				8AA72E2C271C414200350F6A /* FirmwareDeviceJSON.swift */,
				8A289925271F042200BA40AF /* FirmwaresForDeviceJSON.swift */,
			);
			path = JSONModels;
			sourceTree = "<group>";
		};
		8AA72E31271D7F9900350F6A /* Sidebar */ = {
			isa = PBXGroup;
			children = (
				8A0A338A27160DF40058C8A3 /* Sidebar.swift */,
				8ABDF2E627175ABE00142C32 /* SidebarRow.swift */,
				8ABDF2EA271762C300142C32 /* ListView.swift */,
			);
			path = Sidebar;
			sourceTree = "<group>";
		};
		8AA72E32271D7FA400350F6A /* Device */ = {
			isa = PBXGroup;
			children = (
				8A0A33882716038C0058C8A3 /* DeviceList.swift */,
				8A0A337B2715F9600058C8A3 /* DeviceRow.swift */,
				8AB6AF87271B58B30081020E /* DeviceDetail.swift */,
			);
			path = Device;
			sourceTree = "<group>";
		};
		8AA72E33271D7FAD00350F6A /* Firmware */ = {
			isa = PBXGroup;
			children = (
				8A0A3392271611D20058C8A3 /* FirmwaresList.swift */,
				8A0A3394271612040058C8A3 /* FirmwareRow.swift */,
				8AA72E26271C1FE700350F6A /* FirmwareDetail.swift */,
			);
			path = Firmware;
			sourceTree = "<group>";
		};
		8AA72E34271D7FB500350F6A /* Local File */ = {
			isa = PBXGroup;
			children = (
				8ABDF2F0271772AB00142C32 /* LocalFilesList.swift */,
				8ABDF2EE271771F600142C32 /* LocalFilesRow.swift */,
			);
			path = "Local File";
			sourceTree = "<group>";
		};
/* End PBXGroup section */

/* Begin PBXNativeTarget section */
		8A0A33662715F6EA0058C8A3 /* ipsw-fetcher */ = {
			isa = PBXNativeTarget;
			buildConfigurationList = 8A0A33762715F6EE0058C8A3 /* Build configuration list for PBXNativeTarget "ipsw-fetcher" */;
			buildPhases = (
				8A0A33632715F6EA0058C8A3 /* Sources */,
				8A0A33642715F6EA0058C8A3 /* Frameworks */,
				8A0A33652715F6EA0058C8A3 /* Resources */,
			);
			buildRules = (
			);
			dependencies = (
			);
			name = "ipsw-fetcher";
			productName = "ipsw-fetcher";
			productReference = 8A0A33672715F6EA0058C8A3 /* ipsw-fetcher.app */;
			productType = "com.apple.product-type.application";
		};
/* End PBXNativeTarget section */

/* Begin PBXProject section */
		8A0A335F2715F6EA0058C8A3 /* Project object */ = {
			isa = PBXProject;
			attributes = {
				BuildIndependentTargetsInParallel = 1;
				LastSwiftUpdateCheck = 1300;
				LastUpgradeCheck = 1300;
				TargetAttributes = {
					8A0A33662715F6EA0058C8A3 = {
						CreatedOnToolsVersion = 13.0;
					};
				};
			};
			buildConfigurationList = 8A0A33622715F6EA0058C8A3 /* Build configuration list for PBXProject "ipsw-fetcher" */;
			compatibilityVersion = "Xcode 13.0";
			developmentRegion = en;
			hasScannedForEncodings = 0;
			knownRegions = (
				en,
				Base,
			);
			mainGroup = 8A0A335E2715F6E90058C8A3;
			productRefGroup = 8A0A33682715F6EA0058C8A3 /* Products */;
			projectDirPath = "";
			projectRoot = "";
			targets = (
				8A0A33662715F6EA0058C8A3 /* ipsw-fetcher */,
			);
		};
/* End PBXProject section */

/* Begin PBXResourcesBuildPhase section */
		8A0A33652715F6EA0058C8A3 /* Resources */ = {
			isa = PBXResourcesBuildPhase;
			buildActionMask = 2147483647;
			files = (
				8A0A337E271600340058C8A3 /* devices.json in Resources */,
				8A0A338D271610EA0058C8A3 /* firmwares.json in Resources */,
				8ABDF2ED271763BC00142C32 /* sidebar.json in Resources */,
				8A0A33722715F6EE0058C8A3 /* Preview Assets.xcassets in Resources */,
				8A0A336F2715F6EE0058C8A3 /* Assets.xcassets in Resources */,
			);
			runOnlyForDeploymentPostprocessing = 0;
		};
/* End PBXResourcesBuildPhase section */

/* Begin PBXSourcesBuildPhase section */
		8A0A33632715F6EA0058C8A3 /* Sources */ = {
			isa = PBXSourcesBuildPhase;
			buildActionMask = 2147483647;
			files = (
				8A4A9AD3271AA9A100B2EF3C /* FirmwareJSON.swift in Sources */,
				8ABDF2EF271771F600142C32 /* LocalFilesRow.swift in Sources */,
				8A0A338F271611030058C8A3 /* Firmware.swift in Sources */,
				8ABDF2EB271762C300142C32 /* ListView.swift in Sources */,
				8AB6AF88271B58B30081020E /* DeviceDetail.swift in Sources */,
				8A0A3380271600690058C8A3 /* Device.swift in Sources */,
				8AA72E2B271C26EE00350F6A /* FirmwareVersion.swift in Sources */,
				8AA72E2D271C414200350F6A /* FirmwareDeviceJSON.swift in Sources */,
				8A28992F2720347F00BA40AF /* DownloadRow.swift in Sources */,
				8A0A33892716038C0058C8A3 /* DeviceList.swift in Sources */,
				8A28992B2720159E00BA40AF /* DownloadTask.swift in Sources */,
				8A4A9ACB2719BD0700B2EF3C /* DeviceData.swift in Sources */,
				8A28992D272017DC00BA40AF /* DownloadList.swift in Sources */,
				8A0A338B27160DF40058C8A3 /* Sidebar.swift in Sources */,
				8A0A3393271611D20058C8A3 /* FirmwaresList.swift in Sources */,
				8A4A9AD12719E59F00B2EF3C /* DeviceJSON.swift in Sources */,
				8ABDF2F1271772AB00142C32 /* LocalFilesList.swift in Sources */,
				8A0A337C2715F9600058C8A3 /* DeviceRow.swift in Sources */,
				8A289926271F042200BA40AF /* FirmwaresForDeviceJSON.swift in Sources */,
				8A0A336B2715F6EA0058C8A3 /* ipsw_fetcherApp.swift in Sources */,
				8A7CFD23271889C70065CB12 /* File.swift in Sources */,
				8ABDF2E727175ABE00142C32 /* SidebarRow.swift in Sources */,
				8A0A3382271601050058C8A3 /* SharedData.swift in Sources */,
				8ABDF2E927175CB600142C32 /* SidebarOption.swift in Sources */,
				8A0A3395271612040058C8A3 /* FirmwareRow.swift in Sources */,
				8AA72E27271C1FE700350F6A /* FirmwareDetail.swift in Sources */,
			);
			runOnlyForDeploymentPostprocessing = 0;
		};
/* End PBXSourcesBuildPhase section */

/* Begin XCBuildConfiguration section */
		8A0A33742715F6EE0058C8A3 /* Debug */ = {
			isa = XCBuildConfiguration;
			buildSettings = {
				ALWAYS_SEARCH_USER_PATHS = NO;
				CLANG_ANALYZER_NONNULL = YES;
				CLANG_ANALYZER_NUMBER_OBJECT_CONVERSION = YES_AGGRESSIVE;
				CLANG_CXX_LANGUAGE_STANDARD = "gnu++17";
				CLANG_CXX_LIBRARY = "libc++";
				CLANG_ENABLE_MODULES = YES;
				CLANG_ENABLE_OBJC_ARC = YES;
				CLANG_ENABLE_OBJC_WEAK = YES;
				CLANG_WARN_BLOCK_CAPTURE_AUTORELEASING = YES;
				CLANG_WARN_BOOL_CONVERSION = YES;
				CLANG_WARN_COMMA = YES;
				CLANG_WARN_CONSTANT_CONVERSION = YES;
				CLANG_WARN_DEPRECATED_OBJC_IMPLEMENTATIONS = YES;
				CLANG_WARN_DIRECT_OBJC_ISA_USAGE = YES_ERROR;
				CLANG_WARN_DOCUMENTATION_COMMENTS = YES;
				CLANG_WARN_EMPTY_BODY = YES;
				CLANG_WARN_ENUM_CONVERSION = YES;
				CLANG_WARN_INFINITE_RECURSION = YES;
				CLANG_WARN_INT_CONVERSION = YES;
				CLANG_WARN_NON_LITERAL_NULL_CONVERSION = YES;
				CLANG_WARN_OBJC_IMPLICIT_RETAIN_SELF = YES;
				CLANG_WARN_OBJC_LITERAL_CONVERSION = YES;
				CLANG_WARN_OBJC_ROOT_CLASS = YES_ERROR;
				CLANG_WARN_QUOTED_INCLUDE_IN_FRAMEWORK_HEADER = YES;
				CLANG_WARN_RANGE_LOOP_ANALYSIS = YES;
				CLANG_WARN_STRICT_PROTOTYPES = YES;
				CLANG_WARN_SUSPICIOUS_MOVE = YES;
				CLANG_WARN_UNGUARDED_AVAILABILITY = YES_AGGRESSIVE;
				CLANG_WARN_UNREACHABLE_CODE = YES;
				CLANG_WARN__DUPLICATE_METHOD_MATCH = YES;
				COPY_PHASE_STRIP = NO;
				DEBUG_INFORMATION_FORMAT = dwarf;
				ENABLE_STRICT_OBJC_MSGSEND = YES;
				ENABLE_TESTABILITY = YES;
				GCC_C_LANGUAGE_STANDARD = gnu11;
				GCC_DYNAMIC_NO_PIC = NO;
				GCC_NO_COMMON_BLOCKS = YES;
				GCC_OPTIMIZATION_LEVEL = 0;
				GCC_PREPROCESSOR_DEFINITIONS = (
					"DEBUG=1",
					"$(inherited)",
				);
				GCC_WARN_64_TO_32_BIT_CONVERSION = YES;
				GCC_WARN_ABOUT_RETURN_TYPE = YES_ERROR;
				GCC_WARN_UNDECLARED_SELECTOR = YES;
				GCC_WARN_UNINITIALIZED_AUTOS = YES_AGGRESSIVE;
				GCC_WARN_UNUSED_FUNCTION = YES;
				GCC_WARN_UNUSED_VARIABLE = YES;
				MACOSX_DEPLOYMENT_TARGET = 11.3;
				MTL_ENABLE_DEBUG_INFO = INCLUDE_SOURCE;
				MTL_FAST_MATH = YES;
				ONLY_ACTIVE_ARCH = YES;
				SDKROOT = macosx;
				SWIFT_ACTIVE_COMPILATION_CONDITIONS = DEBUG;
				SWIFT_OPTIMIZATION_LEVEL = "-Onone";
			};
			name = Debug;
		};
		8A0A33752715F6EE0058C8A3 /* Release */ = {
			isa = XCBuildConfiguration;
			buildSettings = {
				ALWAYS_SEARCH_USER_PATHS = NO;
				CLANG_ANALYZER_NONNULL = YES;
				CLANG_ANALYZER_NUMBER_OBJECT_CONVERSION = YES_AGGRESSIVE;
				CLANG_CXX_LANGUAGE_STANDARD = "gnu++17";
				CLANG_CXX_LIBRARY = "libc++";
				CLANG_ENABLE_MODULES = YES;
				CLANG_ENABLE_OBJC_ARC = YES;
				CLANG_ENABLE_OBJC_WEAK = YES;
				CLANG_WARN_BLOCK_CAPTURE_AUTORELEASING = YES;
				CLANG_WARN_BOOL_CONVERSION = YES;
				CLANG_WARN_COMMA = YES;
				CLANG_WARN_CONSTANT_CONVERSION = YES;
				CLANG_WARN_DEPRECATED_OBJC_IMPLEMENTATIONS = YES;
				CLANG_WARN_DIRECT_OBJC_ISA_USAGE = YES_ERROR;
				CLANG_WARN_DOCUMENTATION_COMMENTS = YES;
				CLANG_WARN_EMPTY_BODY = YES;
				CLANG_WARN_ENUM_CONVERSION = YES;
				CLANG_WARN_INFINITE_RECURSION = YES;
				CLANG_WARN_INT_CONVERSION = YES;
				CLANG_WARN_NON_LITERAL_NULL_CONVERSION = YES;
				CLANG_WARN_OBJC_IMPLICIT_RETAIN_SELF = YES;
				CLANG_WARN_OBJC_LITERAL_CONVERSION = YES;
				CLANG_WARN_OBJC_ROOT_CLASS = YES_ERROR;
				CLANG_WARN_QUOTED_INCLUDE_IN_FRAMEWORK_HEADER = YES;
				CLANG_WARN_RANGE_LOOP_ANALYSIS = YES;
				CLANG_WARN_STRICT_PROTOTYPES = YES;
				CLANG_WARN_SUSPICIOUS_MOVE = YES;
				CLANG_WARN_UNGUARDED_AVAILABILITY = YES_AGGRESSIVE;
				CLANG_WARN_UNREACHABLE_CODE = YES;
				CLANG_WARN__DUPLICATE_METHOD_MATCH = YES;
				COPY_PHASE_STRIP = NO;
				DEBUG_INFORMATION_FORMAT = "dwarf-with-dsym";
				ENABLE_NS_ASSERTIONS = NO;
				ENABLE_STRICT_OBJC_MSGSEND = YES;
				GCC_C_LANGUAGE_STANDARD = gnu11;
				GCC_NO_COMMON_BLOCKS = YES;
				GCC_WARN_64_TO_32_BIT_CONVERSION = YES;
				GCC_WARN_ABOUT_RETURN_TYPE = YES_ERROR;
				GCC_WARN_UNDECLARED_SELECTOR = YES;
				GCC_WARN_UNINITIALIZED_AUTOS = YES_AGGRESSIVE;
				GCC_WARN_UNUSED_FUNCTION = YES;
				GCC_WARN_UNUSED_VARIABLE = YES;
				MACOSX_DEPLOYMENT_TARGET = 11.3;
				MTL_ENABLE_DEBUG_INFO = NO;
				MTL_FAST_MATH = YES;
				SDKROOT = macosx;
				SWIFT_COMPILATION_MODE = wholemodule;
				SWIFT_OPTIMIZATION_LEVEL = "-O";
			};
			name = Release;
		};
		8A0A33772715F6EE0058C8A3 /* Debug */ = {
			isa = XCBuildConfiguration;
			buildSettings = {
				ASSETCATALOG_COMPILER_APPICON_NAME = AppIcon;
				ASSETCATALOG_COMPILER_GLOBAL_ACCENT_COLOR_NAME = AccentColor;
				CODE_SIGN_ENTITLEMENTS = "ipsw-fetcher/ipsw_fetcher.entitlements";
				CODE_SIGN_STYLE = Automatic;
				COMBINE_HIDPI_IMAGES = YES;
				CURRENT_PROJECT_VERSION = 1;
				DEVELOPMENT_ASSET_PATHS = "\"ipsw-fetcher/Preview Content\"";
				DEVELOPMENT_TEAM = T29VRVWQH4;
				ENABLE_HARDENED_RUNTIME = YES;
				ENABLE_PREVIEWS = YES;
				GENERATE_INFOPLIST_FILE = YES;
				INFOPLIST_FILE = "ipsw-fetcher/Info.plist";
				INFOPLIST_KEY_NSHumanReadableCopyright = "";
				LD_RUNPATH_SEARCH_PATHS = (
					"$(inherited)",
					"@executable_path/../Frameworks",
				);
				MACOSX_DEPLOYMENT_TARGET = 11.0;
				MARKETING_VERSION = 1.0;
				PRODUCT_BUNDLE_IDENTIFIER = "de.viktor-we.ipsw-fetcher";
				PRODUCT_NAME = "$(TARGET_NAME)";
				SWIFT_EMIT_LOC_STRINGS = YES;
				SWIFT_VERSION = 5.0;
			};
			name = Debug;
		};
		8A0A33782715F6EE0058C8A3 /* Release */ = {
			isa = XCBuildConfiguration;
			buildSettings = {
				ASSETCATALOG_COMPILER_APPICON_NAME = AppIcon;
				ASSETCATALOG_COMPILER_GLOBAL_ACCENT_COLOR_NAME = AccentColor;
				CODE_SIGN_ENTITLEMENTS = "ipsw-fetcher/ipsw_fetcher.entitlements";
				CODE_SIGN_STYLE = Automatic;
				COMBINE_HIDPI_IMAGES = YES;
				CURRENT_PROJECT_VERSION = 1;
				DEVELOPMENT_ASSET_PATHS = "\"ipsw-fetcher/Preview Content\"";
				DEVELOPMENT_TEAM = T29VRVWQH4;
				ENABLE_HARDENED_RUNTIME = YES;
				ENABLE_PREVIEWS = YES;
				GENERATE_INFOPLIST_FILE = YES;
				INFOPLIST_FILE = "ipsw-fetcher/Info.plist";
				INFOPLIST_KEY_NSHumanReadableCopyright = "";
				LD_RUNPATH_SEARCH_PATHS = (
					"$(inherited)",
					"@executable_path/../Frameworks",
				);
				MACOSX_DEPLOYMENT_TARGET = 11.0;
				MARKETING_VERSION = 1.0;
				PRODUCT_BUNDLE_IDENTIFIER = "de.viktor-we.ipsw-fetcher";
				PRODUCT_NAME = "$(TARGET_NAME)";
				SWIFT_EMIT_LOC_STRINGS = YES;
				SWIFT_VERSION = 5.0;
			};
			name = Release;
		};
/* End XCBuildConfiguration section */

/* Begin XCConfigurationList section */
		8A0A33622715F6EA0058C8A3 /* Build configuration list for PBXProject "ipsw-fetcher" */ = {
			isa = XCConfigurationList;
			buildConfigurations = (
				8A0A33742715F6EE0058C8A3 /* Debug */,
				8A0A33752715F6EE0058C8A3 /* Release */,
			);
			defaultConfigurationIsVisible = 0;
			defaultConfigurationName = Release;
		};
		8A0A33762715F6EE0058C8A3 /* Build configuration list for PBXNativeTarget "ipsw-fetcher" */ = {
			isa = XCConfigurationList;
			buildConfigurations = (
				8A0A33772715F6EE0058C8A3 /* Debug */,
				8A0A33782715F6EE0058C8A3 /* Release */,
			);
			defaultConfigurationIsVisible = 0;
			defaultConfigurationName = Release;
		};
/* End XCConfigurationList section */
	};
	rootObject = 8A0A335F2715F6EA0058C8A3 /* Project object */;
}
